// !$*UTF8*$!
{
	archiveVersion = 1;
	classes = {
	};
	objectVersion = 56;
	objects = {

/* Begin PBXBuildFile section */
		78A693562AD87A0C001A4902 /* AppDelegate.swift in Sources */ = {isa = PBXBuildFile; fileRef = 78A693552AD87A0C001A4902 /* AppDelegate.swift */; };
		78A693582AD87A0C001A4902 /* SceneDelegate.swift in Sources */ = {isa = PBXBuildFile; fileRef = 78A693572AD87A0C001A4902 /* SceneDelegate.swift */; };
		78A6935A2AD87A0C001A4902 /* ViewController.swift in Sources */ = {isa = PBXBuildFile; fileRef = 78A693592AD87A0C001A4902 /* ViewController.swift */; };
		78A6935D2AD87A0C001A4902 /* Main.storyboard in Resources */ = {isa = PBXBuildFile; fileRef = 78A6935B2AD87A0C001A4902 /* Main.storyboard */; };
		78A6935F2AD87A0F001A4902 /* Assets.xcassets in Resources */ = {isa = PBXBuildFile; fileRef = 78A6935E2AD87A0F001A4902 /* Assets.xcassets */; };
		78A693622AD87A0F001A4902 /* LaunchScreen.storyboard in Resources */ = {isa = PBXBuildFile; fileRef = 78A693602AD87A0F001A4902 /* LaunchScreen.storyboard */; };
		78A6936A2AD87A8C001A4902 /* PlanTableViewController.swift in Sources */ = {isa = PBXBuildFile; fileRef = 78A693692AD87A8C001A4902 /* PlanTableViewController.swift */; };
		78A6936C2AD87AB9001A4902 /* ModelRealmSwift.swift in Sources */ = {isa = PBXBuildFile; fileRef = 78A6936B2AD87AB9001A4902 /* ModelRealmSwift.swift */; };
		9B72B91E9D5D25C20467DE7A /* Pods_toDOlist.framework in Frameworks */ = {isa = PBXBuildFile; fileRef = 064DBE5C55084D6E802D455A /* Pods_toDOlist.framework */; };
/* End PBXBuildFile section */

/* Begin PBXFileReference section */
		064DBE5C55084D6E802D455A /* Pods_toDOlist.framework */ = {isa = PBXFileReference; explicitFileType = wrapper.framework; includeInIndex = 0; path = Pods_toDOlist.framework; sourceTree = BUILT_PRODUCTS_DIR; };
		7089EC1173A8318D1EEEAEA3 /* Pods-toDOlist.release.xcconfig */ = {isa = PBXFileReference; includeInIndex = 1; lastKnownFileType = text.xcconfig; name = "Pods-toDOlist.release.xcconfig"; path = "Target Support Files/Pods-toDOlist/Pods-toDOlist.release.xcconfig"; sourceTree = "<group>"; };
		78A693522AD87A0C001A4902 /* toDOlist.app */ = {isa = PBXFileReference; explicitFileType = wrapper.application; includeInIndex = 0; path = toDOlist.app; sourceTree = BUILT_PRODUCTS_DIR; };
		78A693552AD87A0C001A4902 /* AppDelegate.swift */ = {isa = PBXFileReference; lastKnownFileType = sourcecode.swift; path = AppDelegate.swift; sourceTree = "<group>"; };
		78A693572AD87A0C001A4902 /* SceneDelegate.swift */ = {isa = PBXFileReference; lastKnownFileType = sourcecode.swift; path = SceneDelegate.swift; sourceTree = "<group>"; };
		78A693592AD87A0C001A4902 /* ViewController.swift */ = {isa = PBXFileReference; lastKnownFileType = sourcecode.swift; path = ViewController.swift; sourceTree = "<group>"; };
		78A6935C2AD87A0C001A4902 /* Base */ = {isa = PBXFileReference; lastKnownFileType = file.storyboard; name = Base; path = Base.lproj/Main.storyboard; sourceTree = "<group>"; };
		78A6935E2AD87A0F001A4902 /* Assets.xcassets */ = {isa = PBXFileReference; lastKnownFileType = folder.assetcatalog; path = Assets.xcassets; sourceTree = "<group>"; };
		78A693612AD87A0F001A4902 /* Base */ = {isa = PBXFileReference; lastKnownFileType = file.storyboard; name = Base; path = Base.lproj/LaunchScreen.storyboard; sourceTree = "<group>"; };
		78A693632AD87A0F001A4902 /* Info.plist */ = {isa = PBXFileReference; lastKnownFileType = text.plist.xml; path = Info.plist; sourceTree = "<group>"; };
		78A693692AD87A8C001A4902 /* PlanTableViewController.swift */ = {isa = PBXFileReference; lastKnownFileType = sourcecode.swift; path = PlanTableViewController.swift; sourceTree = "<group>"; };
		78A6936B2AD87AB9001A4902 /* ModelRealmSwift.swift */ = {isa = PBXFileReference; lastKnownFileType = sourcecode.swift; path = ModelRealmSwift.swift; sourceTree = "<group>"; };
		C4FB398DCE01E657A44E9409 /* Pods-toDOlist.debug.xcconfig */ = {isa = PBXFileReference; includeInIndex = 1; lastKnownFileType = text.xcconfig; name = "Pods-toDOlist.debug.xcconfig"; path = "Target Support Files/Pods-toDOlist/Pods-toDOlist.debug.xcconfig"; sourceTree = "<group>"; };
/* End PBXFileReference section */

/* Begin PBXFrameworksBuildPhase section */
		78A6934F2AD87A0C001A4902 /* Frameworks */ = {
			isa = PBXFrameworksBuildPhase;
			buildActionMask = 2147483647;
			files = (
				9B72B91E9D5D25C20467DE7A /* Pods_toDOlist.framework in Frameworks */,
			);
			runOnlyForDeploymentPostprocessing = 0;
		};
/* End PBXFrameworksBuildPhase section */

/* Begin PBXGroup section */
		3583F599BCCF286C8F00B400 /* Pods */ = {
			isa = PBXGroup;
			children = (
				C4FB398DCE01E657A44E9409 /* Pods-toDOlist.debug.xcconfig */,
				7089EC1173A8318D1EEEAEA3 /* Pods-toDOlist.release.xcconfig */,
			);
			path = Pods;
			sourceTree = "<group>";
		};
		78A693492AD87A0C001A4902 = {
			isa = PBXGroup;
			children = (
				78A693542AD87A0C001A4902 /* toDOlist */,
				78A693532AD87A0C001A4902 /* Products */,
				3583F599BCCF286C8F00B400 /* Pods */,
				E19D43FFE11EED70E7A3D958 /* Frameworks */,
			);
			sourceTree = "<group>";
		};
		78A693532AD87A0C001A4902 /* Products */ = {
			isa = PBXGroup;
			children = (
				78A693522AD87A0C001A4902 /* toDOlist.app */,
			);
			name = Products;
			sourceTree = "<group>";
		};
		78A693542AD87A0C001A4902 /* toDOlist */ = {
			isa = PBXGroup;
			children = (
				78A693552AD87A0C001A4902 /* AppDelegate.swift */,
				78A693572AD87A0C001A4902 /* SceneDelegate.swift */,
				78A693592AD87A0C001A4902 /* ViewController.swift */,
				78A693692AD87A8C001A4902 /* PlanTableViewController.swift */,
				78A6936B2AD87AB9001A4902 /* ModelRealmSwift.swift */,
				78A6935B2AD87A0C001A4902 /* Main.storyboard */,
				78A6935E2AD87A0F001A4902 /* Assets.xcassets */,
				78A693602AD87A0F001A4902 /* LaunchScreen.storyboard */,
				78A693632AD87A0F001A4902 /* Info.plist */,
			);
			path = toDOlist;
			sourceTree = "<group>";
		};
		E19D43FFE11EED70E7A3D958 /* Frameworks */ = {
			isa = PBXGroup;
			children = (
				064DBE5C55084D6E802D455A /* Pods_toDOlist.framework */,
			);
			name = Frameworks;
			sourceTree = "<group>";
		};
/* End PBXGroup section */

/* Begin PBXNativeTarget section */
		78A693512AD87A0C001A4902 /* toDOlist */ = {
			isa = PBXNativeTarget;
			buildConfigurationList = 78A693662AD87A0F001A4902 /* Build configuration list for PBXNativeTarget "toDOlist" */;
			buildPhases = (
				6D1F3297AD92D88E91F5583E /* [CP] Check Pods Manifest.lock */,
				78A6934E2AD87A0C001A4902 /* Sources */,
				78A6934F2AD87A0C001A4902 /* Frameworks */,
				78A693502AD87A0C001A4902 /* Resources */,
				6C6715D809F79D7F669DD69A /* [CP] Embed Pods Frameworks */,
			);
			buildRules = (
			);
			dependencies = (
			);
			name = toDOlist;
			productName = toDOlist;
			productReference = 78A693522AD87A0C001A4902 /* toDOlist.app */;
			productType = "com.apple.product-type.application";
		};
/* End PBXNativeTarget section */

/* Begin PBXProject section */
		78A6934A2AD87A0C001A4902 /* Project object */ = {
			isa = PBXProject;
			attributes = {
				BuildIndependentTargetsInParallel = 1;
				LastSwiftUpdateCheck = 1500;
				LastUpgradeCheck = 1500;
				TargetAttributes = {
					78A693512AD87A0C001A4902 = {
						CreatedOnToolsVersion = 15.0;
					};
				};
			};
			buildConfigurationList = 78A6934D2AD87A0C001A4902 /* Build configuration list for PBXProject "toDOlist" */;
			compatibilityVersion = "Xcode 14.0";
			developmentRegion = en;
			hasScannedForEncodings = 0;
			knownRegions = (
				en,
				Base,
			);
			mainGroup = 78A693492AD87A0C001A4902;
			productRefGroup = 78A693532AD87A0C001A4902 /* Products */;
			projectDirPath = "";
			projectRoot = "";
			targets = (
				78A693512AD87A0C001A4902 /* toDOlist */,
			);
		};
/* End PBXProject section */

/* Begin PBXResourcesBuildPhase section */
		78A693502AD87A0C001A4902 /* Resources */ = {
			isa = PBXResourcesBuildPhase;
			buildActionMask = 2147483647;
			files = (
				78A693622AD87A0F001A4902 /* LaunchScreen.storyboard in Resources */,
				78A6935F2AD87A0F001A4902 /* Assets.xcassets in Resources */,
				78A6935D2AD87A0C001A4902 /* Main.storyboard in Resources */,
			);
			runOnlyForDeploymentPostprocessing = 0;
		};
/* End PBXResourcesBuildPhase section */

/* Begin PBXShellScriptBuildPhase section */
		6C6715D809F79D7F669DD69A /* [CP] Embed Pods Frameworks */ = {
			isa = PBXShellScriptBuildPhase;
			buildActionMask = 2147483647;
			files = (
			);
			inputFileListPaths = (
				"${PODS_ROOT}/Target Support Files/Pods-toDOlist/Pods-toDOlist-frameworks-${CONFIGURATION}-input-files.xcfilelist",
			);
			name = "[CP] Embed Pods Frameworks";
			outputFileListPaths = (
				"${PODS_ROOT}/Target Support Files/Pods-toDOlist/Pods-toDOlist-frameworks-${CONFIGURATION}-output-files.xcfilelist",
			);
			runOnlyForDeploymentPostprocessing = 0;
			shellPath = /bin/sh;
			shellScript = "\"${PODS_ROOT}/Target Support Files/Pods-toDOlist/Pods-toDOlist-frameworks.sh\"\n";
			showEnvVarsInLog = 0;
		};
		6D1F3297AD92D88E91F5583E /* [CP] Check Pods Manifest.lock */ = {
			isa = PBXShellScriptBuildPhase;
			buildActionMask = 2147483647;
			files = (
			);
			inputFileListPaths = (
			);
			inputPaths = (
				"${PODS_PODFILE_DIR_PATH}/Podfile.lock",
				"${PODS_ROOT}/Manifest.lock",
			);
			name = "[CP] Check Pods Manifest.lock";
			outputFileListPaths = (
			);
			outputPaths = (
				"$(DERIVED_FILE_DIR)/Pods-toDOlist-checkManifestLockResult.txt",
			);
			runOnlyForDeploymentPostprocessing = 0;
			shellPath = /bin/sh;
			shellScript = "diff \"${PODS_PODFILE_DIR_PATH}/Podfile.lock\" \"${PODS_ROOT}/Manifest.lock\" > /dev/null\nif [ $? != 0 ] ; then\n    # print error to STDERR\n    echo \"error: The sandbox is not in sync with the Podfile.lock. Run 'pod install' or update your CocoaPods installation.\" >&2\n    exit 1\nfi\n# This output is used by Xcode 'outputs' to avoid re-running this script phase.\necho \"SUCCESS\" > \"${SCRIPT_OUTPUT_FILE_0}\"\n";
			showEnvVarsInLog = 0;
		};
/* End PBXShellScriptBuildPhase section */

/* Begin PBXSourcesBuildPhase section */
		78A6934E2AD87A0C001A4902 /* Sources */ = {
			isa = PBXSourcesBuildPhase;
			buildActionMask = 2147483647;
			files = (
				78A6935A2AD87A0C001A4902 /* ViewController.swift in Sources */,
				78A693562AD87A0C001A4902 /* AppDelegate.swift in Sources */,
				78A6936A2AD87A8C001A4902 /* PlanTableViewController.swift in Sources */,
				78A693582AD87A0C001A4902 /* SceneDelegate.swift in Sources */,
				78A6936C2AD87AB9001A4902 /* ModelRealmSwift.swift in Sources */,
			);
			runOnlyForDeploymentPostprocessing = 0;
		};
/* End PBXSourcesBuildPhase section */

/* Begin PBXVariantGroup section */
		78A6935B2AD87A0C001A4902 /* Main.storyboard */ = {
			isa = PBXVariantGroup;
			children = (
				78A6935C2AD87A0C001A4902 /* Base */,
			);
			name = Main.storyboard;
			sourceTree = "<group>";
		};
		78A693602AD87A0F001A4902 /* LaunchScreen.storyboard */ = {
			isa = PBXVariantGroup;
			children = (
				78A693612AD87A0F001A4902 /* Base */,
			);
			name = LaunchScreen.storyboard;
			sourceTree = "<group>";
		};
/* End PBXVariantGroup section */

/* Begin XCBuildConfiguration section */
		78A693642AD87A0F001A4902 /* Debug */ = {
			isa = XCBuildConfiguration;
			buildSettings = {
				ALWAYS_SEARCH_USER_PATHS = NO;
				ASSETCATALOG_COMPILER_GENERATE_SWIFT_ASSET_SYMBOL_EXTENSIONS = YES;
				CLANG_ANALYZER_NONNULL = YES;
				CLANG_ANALYZER_NUMBER_OBJECT_CONVERSION = YES_AGGRESSIVE;
				CLANG_CXX_LANGUAGE_STANDARD = "gnu++20";
				CLANG_ENABLE_MODULES = YES;
				CLANG_ENABLE_OBJC_ARC = YES;
				CLANG_ENABLE_OBJC_WEAK = YES;
				CLANG_WARN_BLOCK_CAPTURE_AUTORELEASING = YES;
				CLANG_WARN_BOOL_CONVERSION = YES;
				CLANG_WARN_COMMA = YES;
				CLANG_WARN_CONSTANT_CONVERSION = YES;
				CLANG_WARN_DEPRECATED_OBJC_IMPLEMENTATIONS = YES;
				CLANG_WARN_DIRECT_OBJC_ISA_USAGE = YES_ERROR;
				CLANG_WARN_DOCUMENTATION_COMMENTS = YES;
				CLANG_WARN_EMPTY_BODY = YES;
				CLANG_WARN_ENUM_CONVERSION = YES;
				CLANG_WARN_INFINITE_RECURSION = YES;
				CLANG_WARN_INT_CONVERSION = YES;
				CLANG_WARN_NON_LITERAL_NULL_CONVERSION = YES;
				CLANG_WARN_OBJC_IMPLICIT_RETAIN_SELF = YES;
				CLANG_WARN_OBJC_LITERAL_CONVERSION = YES;
				CLANG_WARN_OBJC_ROOT_CLASS = YES_ERROR;
				CLANG_WARN_QUOTED_INCLUDE_IN_FRAMEWORK_HEADER = YES;
				CLANG_WARN_RANGE_LOOP_ANALYSIS = YES;
				CLANG_WARN_STRICT_PROTOTYPES = YES;
				CLANG_WARN_SUSPICIOUS_MOVE = YES;
				CLANG_WARN_UNGUARDED_AVAILABILITY = YES_AGGRESSIVE;
				CLANG_WARN_UNREACHABLE_CODE = YES;
				CLANG_WARN__DUPLICATE_METHOD_MATCH = YES;
				COPY_PHASE_STRIP = NO;
				DEBUG_INFORMATION_FORMAT = dwarf;
				ENABLE_STRICT_OBJC_MSGSEND = YES;
				ENABLE_TESTABILITY = YES;
				ENABLE_USER_SCRIPT_SANDBOXING = YES;
				GCC_C_LANGUAGE_STANDARD = gnu17;
				GCC_DYNAMIC_NO_PIC = NO;
				GCC_NO_COMMON_BLOCKS = YES;
				GCC_OPTIMIZATION_LEVEL = 0;
				GCC_PREPROCESSOR_DEFINITIONS = (
					"DEBUG=1",
					"$(inherited)",
				);
				GCC_WARN_64_TO_32_BIT_CONVERSION = YES;
				GCC_WARN_ABOUT_RETURN_TYPE = YES_ERROR;
				GCC_WARN_UNDECLARED_SELECTOR = YES;
				GCC_WARN_UNINITIALIZED_AUTOS = YES_AGGRESSIVE;
				GCC_WARN_UNUSED_FUNCTION = YES;
				GCC_WARN_UNUSED_VARIABLE = YES;
				IPHONEOS_DEPLOYMENT_TARGET = 17.0;
				LOCALIZATION_PREFERS_STRING_CATALOGS = YES;
				MTL_ENABLE_DEBUG_INFO = INCLUDE_SOURCE;
				MTL_FAST_MATH = YES;
				ONLY_ACTIVE_ARCH = YES;
				SDKROOT = iphoneos;
				SWIFT_ACTIVE_COMPILATION_CONDITIONS = "DEBUG $(inherited)";
				SWIFT_OPTIMIZATION_LEVEL = "-Onone";
			};
			name = Debug;
		};
		78A693652AD87A0F001A4902 /* Release */ = {
			isa = XCBuildConfiguration;
			buildSettings = {
				ALWAYS_SEARCH_USER_PATHS = NO;
				ASSETCATALOG_COMPILER_GENERATE_SWIFT_ASSET_SYMBOL_EXTENSIONS = YES;
				CLANG_ANALYZER_NONNULL = YES;
				CLANG_ANALYZER_NUMBER_OBJECT_CONVERSION = YES_AGGRESSIVE;
				CLANG_CXX_LANGUAGE_STANDARD = "gnu++20";
				CLANG_ENABLE_MODULES = YES;
				CLANG_ENABLE_OBJC_ARC = YES;
				CLANG_ENABLE_OBJC_WEAK = YES;
				CLANG_WARN_BLOCK_CAPTURE_AUTORELEASING = YES;
				CLANG_WARN_BOOL_CONVERSION = YES;
				CLANG_WARN_COMMA = YES;
				CLANG_WARN_CONSTANT_CONVERSION = YES;
				CLANG_WARN_DEPRECATED_OBJC_IMPLEMENTATIONS = YES;
				CLANG_WARN_DIRECT_OBJC_ISA_USAGE = YES_ERROR;
				CLANG_WARN_DOCUMENTATION_COMMENTS = YES;
				CLANG_WARN_EMPTY_BODY = YES;
				CLANG_WARN_ENUM_CONVERSION = YES;
				CLANG_WARN_INFINITE_RECURSION = YES;
				CLANG_WARN_INT_CONVERSION = YES;
				CLANG_WARN_NON_LITERAL_NULL_CONVERSION = YES;
				CLANG_WARN_OBJC_IMPLICIT_RETAIN_SELF = YES;
				CLANG_WARN_OBJC_LITERAL_CONVERSION = YES;
				CLANG_WARN_OBJC_ROOT_CLASS = YES_ERROR;
				CLANG_WARN_QUOTED_INCLUDE_IN_FRAMEWORK_HEADER = YES;
				CLANG_WARN_RANGE_LOOP_ANALYSIS = YES;
				CLANG_WARN_STRICT_PROTOTYPES = YES;
				CLANG_WARN_SUSPICIOUS_MOVE = YES;
				CLANG_WARN_UNGUARDED_AVAILABILITY = YES_AGGRESSIVE;
				CLANG_WARN_UNREACHABLE_CODE = YES;
				CLANG_WARN__DUPLICATE_METHOD_MATCH = YES;
				COPY_PHASE_STRIP = NO;
				DEBUG_INFORMATION_FORMAT = "dwarf-with-dsym";
				ENABLE_NS_ASSERTIONS = NO;
				ENABLE_STRICT_OBJC_MSGSEND = YES;
				ENABLE_USER_SCRIPT_SANDBOXING = YES;
				GCC_C_LANGUAGE_STANDARD = gnu17;
				GCC_NO_COMMON_BLOCKS = YES;
				GCC_WARN_64_TO_32_BIT_CONVERSION = YES;
				GCC_WARN_ABOUT_RETURN_TYPE = YES_ERROR;
				GCC_WARN_UNDECLARED_SELECTOR = YES;
				GCC_WARN_UNINITIALIZED_AUTOS = YES_AGGRESSIVE;
				GCC_WARN_UNUSED_FUNCTION = YES;
				GCC_WARN_UNUSED_VARIABLE = YES;
				IPHONEOS_DEPLOYMENT_TARGET = 17.0;
				LOCALIZATION_PREFERS_STRING_CATALOGS = YES;
				MTL_ENABLE_DEBUG_INFO = NO;
				MTL_FAST_MATH = YES;
				SDKROOT = iphoneos;
				SWIFT_COMPILATION_MODE = wholemodule;
				VALIDATE_PRODUCT = YES;
			};
			name = Release;
		};
		78A693672AD87A0F001A4902 /* Debug */ = {
			isa = XCBuildConfiguration;
			baseConfigurationReference = C4FB398DCE01E657A44E9409 /* Pods-toDOlist.debug.xcconfig */;
			buildSettings = {
				ASSETCATALOG_COMPILER_APPICON_NAME = AppIcon;
				ASSETCATALOG_COMPILER_GLOBAL_ACCENT_COLOR_NAME = AccentColor;
				CODE_SIGN_STYLE = Automatic;
				CURRENT_PROJECT_VERSION = 1;
				DEVELOPMENT_TEAM = 2X83VDWRY6;
				ENABLE_USER_SCRIPT_SANDBOXING = NO;
				GENERATE_INFOPLIST_FILE = YES;
				INFOPLIST_FILE = toDOlist/Info.plist;
				INFOPLIST_KEY_UIApplicationSupportsIndirectInputEvents = YES;
				INFOPLIST_KEY_UILaunchStoryboardName = LaunchScreen;
				INFOPLIST_KEY_UIMainStoryboardFile = Main;
				INFOPLIST_KEY_UISupportedInterfaceOrientations_iPad = "UIInterfaceOrientationPortrait UIInterfaceOrientationPortraitUpsideDown UIInterfaceOrientationLandscapeLeft UIInterfaceOrientationLandscapeRight";
				INFOPLIST_KEY_UISupportedInterfaceOrientations_iPhone = "UIInterfaceOrientationPortrait UIInterfaceOrientationLandscapeLeft UIInterfaceOrientationLandscapeRight";
				LD_RUNPATH_SEARCH_PATHS = (
					"$(inherited)",
					"@executable_path/Frameworks",
				);
				MARKETING_VERSION = 1.0;
				PRODUCT_BUNDLE_IDENTIFIER = com.zalkarbekarapbaev.toDOlist;
				PRODUCT_NAME = "$(TARGET_NAME)";
				SWIFT_EMIT_LOC_STRINGS = YES;
				SWIFT_VERSION = 5.0;
				TARGETED_DEVICE_FAMILY = "1,2";
			};
			name = Debug;
		};
		78A693682AD87A0F001A4902 /* Release */ = {
			isa = XCBuildConfiguration;
			baseConfigurationReference = 7089EC1173A8318D1EEEAEA3 /* Pods-toDOlist.release.xcconfig */;
			buildSettings = {
				ASSETCATALOG_COMPILER_APPICON_NAME = AppIcon;
				ASSETCATALOG_COMPILER_GLOBAL_ACCENT_COLOR_NAME = AccentColor;
				CODE_SIGN_STYLE = Automatic;
				CURRENT_PROJECT_VERSION = 1;
				DEVELOPMENT_TEAM = 2X83VDWRY6;
				ENABLE_USER_SCRIPT_SANDBOXING = NO;
				GENERATE_INFOPLIST_FILE = YES;
				INFOPLIST_FILE = toDOlist/Info.plist;
				INFOPLIST_KEY_UIApplicationSupportsIndirectInputEvents = YES;
				INFOPLIST_KEY_UILaunchStoryboardName = LaunchScreen;
				INFOPLIST_KEY_UIMainStoryboardFile = Main;
				INFOPLIST_KEY_UISupportedInterfaceOrientations_iPad = "UIInterfaceOrientationPortrait UIInterfaceOrientationPortraitUpsideDown UIInterfaceOrientationLandscapeLeft UIInterfaceOrientationLandscapeRight";
				INFOPLIST_KEY_UISupportedInterfaceOrientations_iPhone = "UIInterfaceOrientationPortrait UIInterfaceOrientationLandscapeLeft UIInterfaceOrientationLandscapeRight";
				LD_RUNPATH_SEARCH_PATHS = (
					"$(inherited)",
					"@executable_path/Frameworks",
				);
				MARKETING_VERSION = 1.0;
				PRODUCT_BUNDLE_IDENTIFIER = com.zalkarbekarapbaev.toDOlist;
				PRODUCT_NAME = "$(TARGET_NAME)";
				SWIFT_EMIT_LOC_STRINGS = YES;
				SWIFT_VERSION = 5.0;
				TARGETED_DEVICE_FAMILY = "1,2";
			};
			name = Release;
		};
/* End XCBuildConfiguration section */

/* Begin XCConfigurationList section */
		78A6934D2AD87A0C001A4902 /* Build configuration list for PBXProject "toDOlist" */ = {
			isa = XCConfigurationList;
			buildConfigurations = (
				78A693642AD87A0F001A4902 /* Debug */,
				78A693652AD87A0F001A4902 /* Release */,
			);
			defaultConfigurationIsVisible = 0;
			defaultConfigurationName = Release;
		};
		78A693662AD87A0F001A4902 /* Build configuration list for PBXNativeTarget "toDOlist" */ = {
			isa = XCConfigurationList;
			buildConfigurations = (
				78A693672AD87A0F001A4902 /* Debug */,
				78A693682AD87A0F001A4902 /* Release */,
			);
			defaultConfigurationIsVisible = 0;
			defaultConfigurationName = Release;
		};
/* End XCConfigurationList section */
	};
	rootObject = 78A6934A2AD87A0C001A4902 /* Project object */;
}
